{
  "requires": true,
  "lockfileVersion": 1,
  "dependencies": {
    "vue-sidebar-menu": {
      "version": "5.0.1",
      "resolved": "https://registry.npmjs.org/vue-sidebar-menu/-/vue-sidebar-menu-5.0.1.tgz",
      "integrity": "sha512-RjTic46xEhuQXqM/mS5T+ZA+khfHhZ0Prp6Y9HGFA5DiC4xNFznH9skKn7QcZGnuvnN5AUaXx3W2JJAxCjTOkg=="
    }
  }
}
